// !$*UTF8*$!
{
	archiveVersion = 1;
	classes = {
	};
	objectVersion = 50;
	objects = {

/* Begin PBXBuildFile section */
		CE6B9AA624DADB1100FF67C4 /* AppDelegate.swift in Sources */ = {isa = PBXBuildFile; fileRef = CE6B9AA524DADB1100FF67C4 /* AppDelegate.swift */; };
		CE6B9AA824DADB1100FF67C4 /* SceneDelegate.swift in Sources */ = {isa = PBXBuildFile; fileRef = CE6B9AA724DADB1100FF67C4 /* SceneDelegate.swift */; };
		CE6B9AAA24DADB1100FF67C4 /* ViewController.swift in Sources */ = {isa = PBXBuildFile; fileRef = CE6B9AA924DADB1100FF67C4 /* ViewController.swift */; };
		CE6B9AAD24DADB1100FF67C4 /* Main.storyboard in Resources */ = {isa = PBXBuildFile; fileRef = CE6B9AAB24DADB1100FF67C4 /* Main.storyboard */; };
		CE6B9AAF24DADB1500FF67C4 /* Assets.xcassets in Resources */ = {isa = PBXBuildFile; fileRef = CE6B9AAE24DADB1500FF67C4 /* Assets.xcassets */; };
		CE6B9AB224DADB1500FF67C4 /* LaunchScreen.storyboard in Resources */ = {isa = PBXBuildFile; fileRef = CE6B9AB024DADB1500FF67C4 /* LaunchScreen.storyboard */; };
		CE6B9ABB24DAE47D00FF67C4 /* PPRecipes.xcdatamodeld in Sources */ = {isa = PBXBuildFile; fileRef = CE6B9AB924DAE47D00FF67C4 /* PPRecipes.xcdatamodeld */; };
		CE6B9ABD24DAE60F00FF67C4 /* PPRDataController.swift in Sources */ = {isa = PBXBuildFile; fileRef = CE6B9ABC24DAE60F00FF67C4 /* PPRDataController.swift */; };
/* End PBXBuildFile section */

/* Begin PBXFileReference section */
		CE6B9AA224DADB1100FF67C4 /* CoreData0805.app */ = {isa = PBXFileReference; explicitFileType = wrapper.application; includeInIndex = 0; path = CoreData0805.app; sourceTree = BUILT_PRODUCTS_DIR; };
		CE6B9AA524DADB1100FF67C4 /* AppDelegate.swift */ = {isa = PBXFileReference; lastKnownFileType = sourcecode.swift; path = AppDelegate.swift; sourceTree = "<group>"; };
		CE6B9AA724DADB1100FF67C4 /* SceneDelegate.swift */ = {isa = PBXFileReference; lastKnownFileType = sourcecode.swift; path = SceneDelegate.swift; sourceTree = "<group>"; };
		CE6B9AA924DADB1100FF67C4 /* ViewController.swift */ = {isa = PBXFileReference; lastKnownFileType = sourcecode.swift; path = ViewController.swift; sourceTree = "<group>"; };
		CE6B9AAC24DADB1100FF67C4 /* Base */ = {isa = PBXFileReference; lastKnownFileType = file.storyboard; name = Base; path = Base.lproj/Main.storyboard; sourceTree = "<group>"; };
		CE6B9AAE24DADB1500FF67C4 /* Assets.xcassets */ = {isa = PBXFileReference; lastKnownFileType = folder.assetcatalog; path = Assets.xcassets; sourceTree = "<group>"; };
		CE6B9AB124DADB1500FF67C4 /* Base */ = {isa = PBXFileReference; lastKnownFileType = file.storyboard; name = Base; path = Base.lproj/LaunchScreen.storyboard; sourceTree = "<group>"; };
		CE6B9AB324DADB1500FF67C4 /* Info.plist */ = {isa = PBXFileReference; lastKnownFileType = text.plist.xml; path = Info.plist; sourceTree = "<group>"; };
		CE6B9ABA24DAE47D00FF67C4 /* PPRecipes.xcdatamodel */ = {isa = PBXFileReference; lastKnownFileType = wrapper.xcdatamodel; path = PPRecipes.xcdatamodel; sourceTree = "<group>"; };
		CE6B9ABC24DAE60F00FF67C4 /* PPRDataController.swift */ = {isa = PBXFileReference; lastKnownFileType = sourcecode.swift; path = PPRDataController.swift; sourceTree = "<group>"; };
/* End PBXFileReference section */

/* Begin PBXFrameworksBuildPhase section */
		CE6B9A9F24DADB1100FF67C4 /* Frameworks */ = {
			isa = PBXFrameworksBuildPhase;
			buildActionMask = 2147483647;
			files = (
			);
			runOnlyForDeploymentPostprocessing = 0;
		};
/* End PBXFrameworksBuildPhase section */

/* Begin PBXGroup section */
		CE6B9A9924DADB1100FF67C4 = {
			isa = PBXGroup;
			children = (
				CE6B9AA424DADB1100FF67C4 /* CoreData0805 */,
				CE6B9AA324DADB1100FF67C4 /* Products */,
			);
			sourceTree = "<group>";
		};
		CE6B9AA324DADB1100FF67C4 /* Products */ = {
			isa = PBXGroup;
			children = (
				CE6B9AA224DADB1100FF67C4 /* CoreData0805.app */,
			);
			name = Products;
			sourceTree = "<group>";
		};
		CE6B9AA424DADB1100FF67C4 /* CoreData0805 */ = {
			isa = PBXGroup;
			children = (
				CE6B9ABE24DAE63B00FF67C4 /* Model */,
				CE6B9ABF24DAE64200FF67C4 /* View */,
				CE6B9AC024DAE64D00FF67C4 /* Controller */,
				CE6B9AA524DADB1100FF67C4 /* AppDelegate.swift */,
				CE6B9AA724DADB1100FF67C4 /* SceneDelegate.swift */,
				CE6B9AAB24DADB1100FF67C4 /* Main.storyboard */,
				CE6B9AAE24DADB1500FF67C4 /* Assets.xcassets */,
				CE6B9AB024DADB1500FF67C4 /* LaunchScreen.storyboard */,
				CE6B9AB324DADB1500FF67C4 /* Info.plist */,
			);
			path = CoreData0805;
			sourceTree = "<group>";
		};
		CE6B9ABE24DAE63B00FF67C4 /* Model */ = {
			isa = PBXGroup;
			children = (
				CE6B9AB924DAE47D00FF67C4 /* PPRecipes.xcdatamodeld */,
			);
			path = Model;
			sourceTree = "<group>";
		};
		CE6B9ABF24DAE64200FF67C4 /* View */ = {
			isa = PBXGroup;
			children = (
			);
			path = View;
			sourceTree = "<group>";
		};
		CE6B9AC024DAE64D00FF67C4 /* Controller */ = {
			isa = PBXGroup;
			children = (
				CE6B9ABC24DAE60F00FF67C4 /* PPRDataController.swift */,
				CE6B9AA924DADB1100FF67C4 /* ViewController.swift */,
			);
			path = Controller;
			sourceTree = "<group>";
		};
/* End PBXGroup section */

/* Begin PBXNativeTarget section */
		CE6B9AA124DADB1100FF67C4 /* CoreData0805 */ = {
			isa = PBXNativeTarget;
			buildConfigurationList = CE6B9AB624DADB1500FF67C4 /* Build configuration list for PBXNativeTarget "CoreData0805" */;
			buildPhases = (
				CE6B9A9E24DADB1100FF67C4 /* Sources */,
				CE6B9A9F24DADB1100FF67C4 /* Frameworks */,
				CE6B9AA024DADB1100FF67C4 /* Resources */,
			);
			buildRules = (
			);
			dependencies = (
			);
			name = CoreData0805;
			productName = CoreData0805;
			productReference = CE6B9AA224DADB1100FF67C4 /* CoreData0805.app */;
			productType = "com.apple.product-type.application";
		};
/* End PBXNativeTarget section */

/* Begin PBXProject section */
		CE6B9A9A24DADB1100FF67C4 /* Project object */ = {
			isa = PBXProject;
			attributes = {
				LastSwiftUpdateCheck = 1150;
				LastUpgradeCheck = 1150;
				ORGANIZATIONNAME = leslie;
				TargetAttributes = {
					CE6B9AA124DADB1100FF67C4 = {
						CreatedOnToolsVersion = 11.5;
					};
				};
			};
			buildConfigurationList = CE6B9A9D24DADB1100FF67C4 /* Build configuration list for PBXProject "CoreData0805" */;
			compatibilityVersion = "Xcode 9.3";
			developmentRegion = en;
			hasScannedForEncodings = 0;
			knownRegions = (
				en,
				Base,
			);
			mainGroup = CE6B9A9924DADB1100FF67C4;
			productRefGroup = CE6B9AA324DADB1100FF67C4 /* Products */;
			projectDirPath = "";
			projectRoot = "";
			targets = (
				CE6B9AA124DADB1100FF67C4 /* CoreData0805 */,
			);
		};
/* End PBXProject section */

/* Begin PBXResourcesBuildPhase section */
		CE6B9AA024DADB1100FF67C4 /* Resources */ = {
			isa = PBXResourcesBuildPhase;
			buildActionMask = 2147483647;
			files = (
				CE6B9AB224DADB1500FF67C4 /* LaunchScreen.storyboard in Resources */,
				CE6B9AAF24DADB1500FF67C4 /* Assets.xcassets in Resources */,
				CE6B9AAD24DADB1100FF67C4 /* Main.storyboard in Resources */,
			);
			runOnlyForDeploymentPostprocessing = 0;
		};
/* End PBXResourcesBuildPhase section */

/* Begin PBXSourcesBuildPhase section */
		CE6B9A9E24DADB1100FF67C4 /* Sources */ = {
			isa = PBXSourcesBuildPhase;
			buildActionMask = 2147483647;
			files = (
				CE6B9ABD24DAE60F00FF67C4 /* PPRDataController.swift in Sources */,
				CE6B9AAA24DADB1100FF67C4 /* ViewController.swift in Sources */,
				CE6B9ABB24DAE47D00FF67C4 /* PPRecipes.xcdatamodeld in Sources */,
				CE6B9AA624DADB1100FF67C4 /* AppDelegate.swift in Sources */,
				CE6B9AA824DADB1100FF67C4 /* SceneDelegate.swift in Sources */,
			);
			runOnlyForDeploymentPostprocessing = 0;
		};
/* End PBXSourcesBuildPhase section */

/* Begin PBXVariantGroup section */
		CE6B9AAB24DADB1100FF67C4 /* Main.storyboard */ = {
			isa = PBXVariantGroup;
			children = (
				CE6B9AAC24DADB1100FF67C4 /* Base */,
			);
			name = Main.storyboard;
			sourceTree = "<group>";
		};
		CE6B9AB024DADB1500FF67C4 /* LaunchScreen.storyboard */ = {
			isa = PBXVariantGroup;
			children = (
				CE6B9AB124DADB1500FF67C4 /* Base */,
			);
			name = LaunchScreen.storyboard;
			sourceTree = "<group>";
		};
/* End PBXVariantGroup section */

/* Begin XCBuildConfiguration section */
		CE6B9AB424DADB1500FF67C4 /* Debug */ = {
			isa = XCBuildConfiguration;
			buildSettings = {
				ALWAYS_SEARCH_USER_PATHS = NO;
				CLANG_ANALYZER_NONNULL = YES;
				CLANG_ANALYZER_NUMBER_OBJECT_CONVERSION = YES_AGGRESSIVE;
				CLANG_CXX_LANGUAGE_STANDARD = "gnu++14";
				CLANG_CXX_LIBRARY = "libc++";
				CLANG_ENABLE_MODULES = YES;
				CLANG_ENABLE_OBJC_ARC = YES;
				CLANG_ENABLE_OBJC_WEAK = YES;
				CLANG_WARN_BLOCK_CAPTURE_AUTORELEASING = YES;
				CLANG_WARN_BOOL_CONVERSION = YES;
				CLANG_WARN_COMMA = YES;
				CLANG_WARN_CONSTANT_CONVERSION = YES;
				CLANG_WARN_DEPRECATED_OBJC_IMPLEMENTATIONS = YES;
				CLANG_WARN_DIRECT_OBJC_ISA_USAGE = YES_ERROR;
				CLANG_WARN_DOCUMENTATION_COMMENTS = YES;
				CLANG_WARN_EMPTY_BODY = YES;
				CLANG_WARN_ENUM_CONVERSION = YES;
				CLANG_WARN_INFINITE_RECURSION = YES;
				CLANG_WARN_INT_CONVERSION = YES;
				CLANG_WARN_NON_LITERAL_NULL_CONVERSION = YES;
				CLANG_WARN_OBJC_IMPLICIT_RETAIN_SELF = YES;
				CLANG_WARN_OBJC_LITERAL_CONVERSION = YES;
				CLANG_WARN_OBJC_ROOT_CLASS = YES_ERROR;
				CLANG_WARN_RANGE_LOOP_ANALYSIS = YES;
				CLANG_WARN_STRICT_PROTOTYPES = YES;
				CLANG_WARN_SUSPICIOUS_MOVE = YES;
				CLANG_WARN_UNGUARDED_AVAILABILITY = YES_AGGRESSIVE;
				CLANG_WARN_UNREACHABLE_CODE = YES;
				CLANG_WARN__DUPLICATE_METHOD_MATCH = YES;
				COPY_PHASE_STRIP = NO;
				DEBUG_INFORMATION_FORMAT = dwarf;
				ENABLE_STRICT_OBJC_MSGSEND = YES;
				ENABLE_TESTABILITY = YES;
				GCC_C_LANGUAGE_STANDARD = gnu11;
				GCC_DYNAMIC_NO_PIC = NO;
				GCC_NO_COMMON_BLOCKS = YES;
				GCC_OPTIMIZATION_LEVEL = 0;
				GCC_PREPROCESSOR_DEFINITIONS = (
					"DEBUG=1",
					"$(inherited)",
				);
				GCC_WARN_64_TO_32_BIT_CONVERSION = YES;
				GCC_WARN_ABOUT_RETURN_TYPE = YES_ERROR;
				GCC_WARN_UNDECLARED_SELECTOR = YES;
				GCC_WARN_UNINITIALIZED_AUTOS = YES_AGGRESSIVE;
				GCC_WARN_UNUSED_FUNCTION = YES;
				GCC_WARN_UNUSED_VARIABLE = YES;
				IPHONEOS_DEPLOYMENT_TARGET = 13.5;
				MTL_ENABLE_DEBUG_INFO = INCLUDE_SOURCE;
				MTL_FAST_MATH = YES;
				ONLY_ACTIVE_ARCH = YES;
				SDKROOT = iphoneos;
				SWIFT_ACTIVE_COMPILATION_CONDITIONS = DEBUG;
				SWIFT_OPTIMIZATION_LEVEL = "-Onone";
			};
			name = Debug;
		};
		CE6B9AB524DADB1500FF67C4 /* Release */ = {
			isa = XCBuildConfiguration;
			buildSettings = {
				ALWAYS_SEARCH_USER_PATHS = NO;
				CLANG_ANALYZER_NONNULL = YES;
				CLANG_ANALYZER_NUMBER_OBJECT_CONVERSION = YES_AGGRESSIVE;
				CLANG_CXX_LANGUAGE_STANDARD = "gnu++14";
				CLANG_CXX_LIBRARY = "libc++";
				CLANG_ENABLE_MODULES = YES;
				CLANG_ENABLE_OBJC_ARC = YES;
				CLANG_ENABLE_OBJC_WEAK = YES;
				CLANG_WARN_BLOCK_CAPTURE_AUTORELEASING = YES;
				CLANG_WARN_BOOL_CONVERSION = YES;
				CLANG_WARN_COMMA = YES;
				CLANG_WARN_CONSTANT_CONVERSION = YES;
				CLANG_WARN_DEPRECATED_OBJC_IMPLEMENTATIONS = YES;
				CLANG_WARN_DIRECT_OBJC_ISA_USAGE = YES_ERROR;
				CLANG_WARN_DOCUMENTATION_COMMENTS = YES;
				CLANG_WARN_EMPTY_BODY = YES;
				CLANG_WARN_ENUM_CONVERSION = YES;
				CLANG_WARN_INFINITE_RECURSION = YES;
				CLANG_WARN_INT_CONVERSION = YES;
				CLANG_WARN_NON_LITERAL_NULL_CONVERSION = YES;
				CLANG_WARN_OBJC_IMPLICIT_RETAIN_SELF = YES;
				CLANG_WARN_OBJC_LITERAL_CONVERSION = YES;
				CLANG_WARN_OBJC_ROOT_CLASS = YES_ERROR;
				CLANG_WARN_RANGE_LOOP_ANALYSIS = YES;
				CLANG_WARN_STRICT_PROTOTYPES = YES;
				CLANG_WARN_SUSPICIOUS_MOVE = YES;
				CLANG_WARN_UNGUARDED_AVAILABILITY = YES_AGGRESSIVE;
				CLANG_WARN_UNREACHABLE_CODE = YES;
				CLANG_WARN__DUPLICATE_METHOD_MATCH = YES;
				COPY_PHASE_STRIP = NO;
				DEBUG_INFORMATION_FORMAT = "dwarf-with-dsym";
				ENABLE_NS_ASSERTIONS = NO;
				ENABLE_STRICT_OBJC_MSGSEND = YES;
				GCC_C_LANGUAGE_STANDARD = gnu11;
				GCC_NO_COMMON_BLOCKS = YES;
				GCC_WARN_64_TO_32_BIT_CONVERSION = YES;
				GCC_WARN_ABOUT_RETURN_TYPE = YES_ERROR;
				GCC_WARN_UNDECLARED_SELECTOR = YES;
				GCC_WARN_UNINITIALIZED_AUTOS = YES_AGGRESSIVE;
				GCC_WARN_UNUSED_FUNCTION = YES;
				GCC_WARN_UNUSED_VARIABLE = YES;
				IPHONEOS_DEPLOYMENT_TARGET = 13.5;
				MTL_ENABLE_DEBUG_INFO = NO;
				MTL_FAST_MATH = YES;
				SDKROOT = iphoneos;
				SWIFT_COMPILATION_MODE = wholemodule;
				SWIFT_OPTIMIZATION_LEVEL = "-O";
				VALIDATE_PRODUCT = YES;
			};
			name = Release;
		};
		CE6B9AB724DADB1500FF67C4 /* Debug */ = {
			isa = XCBuildConfiguration;
			buildSettings = {
				ASSETCATALOG_COMPILER_APPICON_NAME = AppIcon;
				CODE_SIGN_STYLE = Automatic;
				DEVELOPMENT_TEAM = PDY29GF949;
				INFOPLIST_FILE = CoreData0805/Info.plist;
				LD_RUNPATH_SEARCH_PATHS = (
					"$(inherited)",
					"@executable_path/Frameworks",
				);
				PRODUCT_BUNDLE_IDENTIFIER = com.gmail.appl.leslie.CoreData0805;
				PRODUCT_NAME = "$(TARGET_NAME)";
				SWIFT_VERSION = 5.0;
				TARGETED_DEVICE_FAMILY = "1,2";
			};
			name = Debug;
		};
		CE6B9AB824DADB1500FF67C4 /* Release */ = {
			isa = XCBuildConfiguration;
			buildSettings = {
				ASSETCATALOG_COMPILER_APPICON_NAME = AppIcon;
				CODE_SIGN_STYLE = Automatic;
				DEVELOPMENT_TEAM = PDY29GF949;
				INFOPLIST_FILE = CoreData0805/Info.plist;
				LD_RUNPATH_SEARCH_PATHS = (
					"$(inherited)",
					"@executable_path/Frameworks",
				);
				PRODUCT_BUNDLE_IDENTIFIER = com.gmail.appl.leslie.CoreData0805;
				PRODUCT_NAME = "$(TARGET_NAME)";
				SWIFT_VERSION = 5.0;
				TARGETED_DEVICE_FAMILY = "1,2";
			};
			name = Release;
		};
/* End XCBuildConfiguration section */

/* Begin XCConfigurationList section */
		CE6B9A9D24DADB1100FF67C4 /* Build configuration list for PBXProject "CoreData0805" */ = {
			isa = XCConfigurationList;
			buildConfigurations = (
				CE6B9AB424DADB1500FF67C4 /* Debug */,
				CE6B9AB524DADB1500FF67C4 /* Release */,
			);
			defaultConfigurationIsVisible = 0;
			defaultConfigurationName = Release;
		};
		CE6B9AB624DADB1500FF67C4 /* Build configuration list for PBXNativeTarget "CoreData0805" */ = {
			isa = XCConfigurationList;
			buildConfigurations = (
				CE6B9AB724DADB1500FF67C4 /* Debug */,
				CE6B9AB824DADB1500FF67C4 /* Release */,
			);
			defaultConfigurationIsVisible = 0;
			defaultConfigurationName = Release;
		};
/* End XCConfigurationList section */

/* Begin XCVersionGroup section */
		CE6B9AB924DAE47D00FF67C4 /* PPRecipes.xcdatamodeld */ = {
			isa = XCVersionGroup;
			children = (
				CE6B9ABA24DAE47D00FF67C4 /* PPRecipes.xcdatamodel */,
			);
			currentVersion = CE6B9ABA24DAE47D00FF67C4 /* PPRecipes.xcdatamodel */;
			path = PPRecipes.xcdatamodeld;
			sourceTree = "<group>";
			versionGroupType = wrapper.xcdatamodel;
		};
/* End XCVersionGroup section */
	};
	rootObject = CE6B9A9A24DADB1100FF67C4 /* Project object */;
}
